
Microsoft Visual Studio Solution File, Format Version 12.00
# Visual Studio Version 16
VisualStudioVersion = 16.0.31911.196
MinimumVisualStudioVersion = 10.0.40219.1
Project("{FAE04EC0-301F-11D3-BF4B-00C04F79EFBC}") = "07-EnviaEmail", "07-EnviaEmail\07-EnviaEmail.csproj", "{666F02AB-C10C-41AF-A346-77DF273C45EE}"
EndProject
Global
	GlobalSection(SolutionConfigurationPlatforms) = preSolution
		Debug|Any CPU = Debug|Any CPU
		Release|Any CPU = Release|Any CPU
	EndGlobalSection
	GlobalSection(ProjectConfigurationPlatforms) = postSolution
		{666F02AB-C10C-41AF-A346-77DF273C45EE}.Debug|Any CPU.ActiveCfg = Debug|Any CPU
		{666F02AB-C10C-41AF-A346-77DF273C45EE}.Debug|Any CPU.Build.0 = Debug|Any CPU
		{666F02AB-C10C-41AF-A346-77DF273C45EE}.Release|Any CPU.ActiveCfg = Release|Any CPU
		{666F02AB-C10C-41AF-A346-77DF273C45EE}.Release|Any CPU.Build.0 = Release|Any CPU
	EndGlobalSection
	GlobalSection(SolutionProperties) = preSolution
		HideSolutionNode = FALSE
	EndGlobalSection
	GlobalSection(ExtensibilityGlobals) = postSolution
		SolutionGuid = {4028C6DB-B968-4A78-B4E0-BC2C94BDE7A6}
	EndGlobalSection
EndGlobal
