
Microsoft Visual Studio Solution File, Format Version 12.00
# Visual Studio Version 16
VisualStudioVersion = 16.0.31911.196
MinimumVisualStudioVersion = 10.0.40219.1
Project("{FAE04EC0-301F-11D3-BF4B-00C04F79EFBC}") = "06-CRUD", "06-CRUD\06-CRUD.csproj", "{1526D21A-D5F5-4E34-8958-797963E6DB9E}"
EndProject
Global
	GlobalSection(SolutionConfigurationPlatforms) = preSolution
		Debug|Any CPU = Debug|Any CPU
		Release|Any CPU = Release|Any CPU
	EndGlobalSection
	GlobalSection(ProjectConfigurationPlatforms) = postSolution
		{1526D21A-D5F5-4E34-8958-797963E6DB9E}.Debug|Any CPU.ActiveCfg = Debug|Any CPU
		{1526D21A-D5F5-4E34-8958-797963E6DB9E}.Debug|Any CPU.Build.0 = Debug|Any CPU
		{1526D21A-D5F5-4E34-8958-797963E6DB9E}.Release|Any CPU.ActiveCfg = Release|Any CPU
		{1526D21A-D5F5-4E34-8958-797963E6DB9E}.Release|Any CPU.Build.0 = Release|Any CPU
	EndGlobalSection
	GlobalSection(SolutionProperties) = preSolution
		HideSolutionNode = FALSE
	EndGlobalSection
	GlobalSection(ExtensibilityGlobals) = postSolution
		SolutionGuid = {F2F51A52-FDCA-4436-9017-336A792289F9}
	EndGlobalSection
EndGlobal
